// !$*UTF8*$!
{
	archiveVersion = 1;
	classes = {
	};
	objectVersion = 50;
	objects = {

/* Begin PBXBuildFile section */
		8414D7E3268A91C400CA3C8F /* SwiftUIView2.swift in Sources */ = {isa = PBXBuildFile; fileRef = 8414D7E2268A91C400CA3C8F /* SwiftUIView2.swift */; };
		84244426263C37C00079911D /* DateFormatted.swift in Sources */ = {isa = PBXBuildFile; fileRef = 84244425263C37C00079911D /* DateFormatted.swift */; };
		8424442C264160B70079911D /* ASUser.swift in Sources */ = {isa = PBXBuildFile; fileRef = 8424442B264160B70079911D /* ASUser.swift */; };
		8424442F264162F50079911D /* ASUserView.swift in Sources */ = {isa = PBXBuildFile; fileRef = 8424442E264162F50079911D /* ASUserView.swift */; };
		8424443226418DF10079911D /* ASUserMainView.swift in Sources */ = {isa = PBXBuildFile; fileRef = 8424443126418DF10079911D /* ASUserMainView.swift */; };
		843ECF992680D6FF00648730 /* SwiftUIView.swift in Sources */ = {isa = PBXBuildFile; fileRef = 843ECF982680D6FF00648730 /* SwiftUIView.swift */; };
		84794D57262DA21C00E89935 /* AirtableDemoApp.swift in Sources */ = {isa = PBXBuildFile; fileRef = 84794D56262DA21C00E89935 /* AirtableDemoApp.swift */; };
		84794D59262DA21C00E89935 /* ContentView.swift in Sources */ = {isa = PBXBuildFile; fileRef = 84794D58262DA21C00E89935 /* ContentView.swift */; };
		84794D5B262DA21E00E89935 /* Assets.xcassets in Resources */ = {isa = PBXBuildFile; fileRef = 84794D5A262DA21E00E89935 /* Assets.xcassets */; };
		84794D5E262DA21E00E89935 /* Preview Assets.xcassets in Resources */ = {isa = PBXBuildFile; fileRef = 84794D5D262DA21E00E89935 /* Preview Assets.xcassets */; };
		8493BF33264AE38D00CF131C /* SwiftLogoAnimation.swift in Sources */ = {isa = PBXBuildFile; fileRef = 8493BF32264AE38D00CF131C /* SwiftLogoAnimation.swift */; };
		84F573732631956D000E60CF /* CustomerForm.swift in Sources */ = {isa = PBXBuildFile; fileRef = 84F573722631956C000E60CF /* CustomerForm.swift */; };
		84F5737826319EC9000E60CF /* GeometryAndInfinity.swift in Sources */ = {isa = PBXBuildFile; fileRef = 84F5737726319EC9000E60CF /* GeometryAndInfinity.swift */; };
		84F573822638723A000E60CF /* GrapheView.swift in Sources */ = {isa = PBXBuildFile; fileRef = 84F573812638723A000E60CF /* GrapheView.swift */; };
		84F573882639403A000E60CF /* CircleAnimationView.swift in Sources */ = {isa = PBXBuildFile; fileRef = 84F5738726394039000E60CF /* CircleAnimationView.swift */; };
		84F57392263988F3000E60CF /* AnimationExamples.swift in Sources */ = {isa = PBXBuildFile; fileRef = 84F57391263988F3000E60CF /* AnimationExamples.swift */; };
		84F573952639B3ED000E60CF /* DemoDragRelocateView.swift in Sources */ = {isa = PBXBuildFile; fileRef = 84F573942639B3ED000E60CF /* DemoDragRelocateView.swift */; };
		84F573982639CCB3000E60CF /* BurgerAppModel.swift in Sources */ = {isa = PBXBuildFile; fileRef = 84F573972639CCB2000E60CF /* BurgerAppModel.swift */; };
		84F5739B2639D040000E60CF /* BurgerService.swift in Sources */ = {isa = PBXBuildFile; fileRef = 84F5739A2639D040000E60CF /* BurgerService.swift */; };
		84F5739E263B0584000E60CF /* BurgerView.swift in Sources */ = {isa = PBXBuildFile; fileRef = 84F5739D263B0584000E60CF /* BurgerView.swift */; };
/* End PBXBuildFile section */

/* Begin PBXFileReference section */
		8414D7E2268A91C400CA3C8F /* SwiftUIView2.swift */ = {isa = PBXFileReference; lastKnownFileType = sourcecode.swift; path = SwiftUIView2.swift; sourceTree = "<group>"; };
		84244425263C37C00079911D /* DateFormatted.swift */ = {isa = PBXFileReference; lastKnownFileType = sourcecode.swift; path = DateFormatted.swift; sourceTree = "<group>"; };
		8424442B264160B70079911D /* ASUser.swift */ = {isa = PBXFileReference; lastKnownFileType = sourcecode.swift; path = ASUser.swift; sourceTree = "<group>"; };
		8424442E264162F50079911D /* ASUserView.swift */ = {isa = PBXFileReference; lastKnownFileType = sourcecode.swift; path = ASUserView.swift; sourceTree = "<group>"; };
		8424443126418DF10079911D /* ASUserMainView.swift */ = {isa = PBXFileReference; lastKnownFileType = sourcecode.swift; path = ASUserMainView.swift; sourceTree = "<group>"; };
		843ECF982680D6FF00648730 /* SwiftUIView.swift */ = {isa = PBXFileReference; lastKnownFileType = sourcecode.swift; path = SwiftUIView.swift; sourceTree = "<group>"; };
		84794D53262DA21C00E89935 /* AirtableDemo.app */ = {isa = PBXFileReference; explicitFileType = wrapper.application; includeInIndex = 0; path = AirtableDemo.app; sourceTree = BUILT_PRODUCTS_DIR; };
		84794D56262DA21C00E89935 /* AirtableDemoApp.swift */ = {isa = PBXFileReference; lastKnownFileType = sourcecode.swift; path = AirtableDemoApp.swift; sourceTree = "<group>"; };
		84794D58262DA21C00E89935 /* ContentView.swift */ = {isa = PBXFileReference; lastKnownFileType = sourcecode.swift; path = ContentView.swift; sourceTree = "<group>"; };
		84794D5A262DA21E00E89935 /* Assets.xcassets */ = {isa = PBXFileReference; lastKnownFileType = folder.assetcatalog; path = Assets.xcassets; sourceTree = "<group>"; };
		84794D5D262DA21E00E89935 /* Preview Assets.xcassets */ = {isa = PBXFileReference; lastKnownFileType = folder.assetcatalog; path = "Preview Assets.xcassets"; sourceTree = "<group>"; };
		84794D5F262DA21E00E89935 /* Info.plist */ = {isa = PBXFileReference; lastKnownFileType = text.plist.xml; path = Info.plist; sourceTree = "<group>"; };
		8493BF32264AE38D00CF131C /* SwiftLogoAnimation.swift */ = {isa = PBXFileReference; fileEncoding = 4; lastKnownFileType = sourcecode.swift; path = SwiftLogoAnimation.swift; sourceTree = "<group>"; };
		84F573722631956C000E60CF /* CustomerForm.swift */ = {isa = PBXFileReference; lastKnownFileType = sourcecode.swift; path = CustomerForm.swift; sourceTree = "<group>"; };
		84F5737726319EC9000E60CF /* GeometryAndInfinity.swift */ = {isa = PBXFileReference; lastKnownFileType = sourcecode.swift; path = GeometryAndInfinity.swift; sourceTree = "<group>"; };
		84F573812638723A000E60CF /* GrapheView.swift */ = {isa = PBXFileReference; lastKnownFileType = sourcecode.swift; path = GrapheView.swift; sourceTree = "<group>"; };
		84F5738726394039000E60CF /* CircleAnimationView.swift */ = {isa = PBXFileReference; lastKnownFileType = sourcecode.swift; path = CircleAnimationView.swift; sourceTree = "<group>"; };
		84F57391263988F3000E60CF /* AnimationExamples.swift */ = {isa = PBXFileReference; lastKnownFileType = sourcecode.swift; path = AnimationExamples.swift; sourceTree = "<group>"; };
		84F573942639B3ED000E60CF /* DemoDragRelocateView.swift */ = {isa = PBXFileReference; lastKnownFileType = sourcecode.swift; path = DemoDragRelocateView.swift; sourceTree = "<group>"; };
		84F573972639CCB2000E60CF /* BurgerAppModel.swift */ = {isa = PBXFileReference; lastKnownFileType = sourcecode.swift; path = BurgerAppModel.swift; sourceTree = "<group>"; };
		84F5739A2639D040000E60CF /* BurgerService.swift */ = {isa = PBXFileReference; lastKnownFileType = sourcecode.swift; path = BurgerService.swift; sourceTree = "<group>"; };
		84F5739D263B0584000E60CF /* BurgerView.swift */ = {isa = PBXFileReference; lastKnownFileType = sourcecode.swift; path = BurgerView.swift; sourceTree = "<group>"; };
/* End PBXFileReference section */

/* Begin PBXFrameworksBuildPhase section */
		84794D50262DA21C00E89935 /* Frameworks */ = {
			isa = PBXFrameworksBuildPhase;
			buildActionMask = 2147483647;
			files = (
			);
			runOnlyForDeploymentPostprocessing = 0;
		};
/* End PBXFrameworksBuildPhase section */

/* Begin PBXGroup section */
		8424442A2641606C0079911D /* AppStorageTest */ = {
			isa = PBXGroup;
			children = (
				8424442B264160B70079911D /* ASUser.swift */,
				8424442E264162F50079911D /* ASUserView.swift */,
				8424443126418DF10079911D /* ASUserMainView.swift */,
			);
			path = AppStorageTest;
			sourceTree = "<group>";
		};
		84794D4A262DA21C00E89935 = {
			isa = PBXGroup;
			children = (
				84794D55262DA21C00E89935 /* AirtableDemo */,
				84794D54262DA21C00E89935 /* Products */,
			);
			sourceTree = "<group>";
		};
		84794D54262DA21C00E89935 /* Products */ = {
			isa = PBXGroup;
			children = (
				84794D53262DA21C00E89935 /* AirtableDemo.app */,
			);
			name = Products;
			sourceTree = "<group>";
		};
		84794D55262DA21C00E89935 /* AirtableDemo */ = {
			isa = PBXGroup;
			children = (
				84244425263C37C00079911D /* DateFormatted.swift */,
				84794D56262DA21C00E89935 /* AirtableDemoApp.swift */,
				84794D58262DA21C00E89935 /* ContentView.swift */,
				8493BF2D264ABD3400CF131C /* PathsAndAnimations */,
				8424442A2641606C0079911D /* AppStorageTest */,
				84F5737526319EB9000E60CF /* ExerciceVendredi */,
				84794D5A262DA21E00E89935 /* Assets.xcassets */,
				84794D5F262DA21E00E89935 /* Info.plist */,
				84794D5C262DA21E00E89935 /* Preview Content */,
			);
			path = AirtableDemo;
			sourceTree = "<group>";
		};
		84794D5C262DA21E00E89935 /* Preview Content */ = {
			isa = PBXGroup;
			children = (
				84794D5D262DA21E00E89935 /* Preview Assets.xcassets */,
			);
			path = "Preview Content";
			sourceTree = "<group>";
		};
		8493BF2D264ABD3400CF131C /* PathsAndAnimations */ = {
			isa = PBXGroup;
			children = (
				84F573812638723A000E60CF /* GrapheView.swift */,
				84F5738726394039000E60CF /* CircleAnimationView.swift */,
				843ECF982680D6FF00648730 /* SwiftUIView.swift */,
				8414D7E2268A91C400CA3C8F /* SwiftUIView2.swift */,
				84F57391263988F3000E60CF /* AnimationExamples.swift */,
				8493BF32264AE38D00CF131C /* SwiftLogoAnimation.swift */,
			);
			path = PathsAndAnimations;
			sourceTree = "<group>";
		};
		84F5737526319EB9000E60CF /* ExerciceVendredi */ = {
			isa = PBXGroup;
			children = (
				84F573722631956C000E60CF /* CustomerForm.swift */,
				84F5737726319EC9000E60CF /* GeometryAndInfinity.swift */,
				84F573942639B3ED000E60CF /* DemoDragRelocateView.swift */,
				84F573972639CCB2000E60CF /* BurgerAppModel.swift */,
				84F5739D263B0584000E60CF /* BurgerView.swift */,
				84F5739A2639D040000E60CF /* BurgerService.swift */,
			);
			path = ExerciceVendredi;
			sourceTree = "<group>";
		};
/* End PBXGroup section */

/* Begin PBXNativeTarget section */
		84794D52262DA21C00E89935 /* AirtableDemo */ = {
			isa = PBXNativeTarget;
			buildConfigurationList = 84794D62262DA21E00E89935 /* Build configuration list for PBXNativeTarget "AirtableDemo" */;
			buildPhases = (
				84794D4F262DA21C00E89935 /* Sources */,
				84794D50262DA21C00E89935 /* Frameworks */,
				84794D51262DA21C00E89935 /* Resources */,
			);
			buildRules = (
			);
			dependencies = (
			);
			name = AirtableDemo;
			productName = PromoAvril;
			productReference = 84794D53262DA21C00E89935 /* AirtableDemo.app */;
			productType = "com.apple.product-type.application";
		};
/* End PBXNativeTarget section */

/* Begin PBXProject section */
		84794D4B262DA21C00E89935 /* Project object */ = {
			isa = PBXProject;
			attributes = {
				LastSwiftUpdateCheck = 1240;
				LastUpgradeCheck = 1240;
				TargetAttributes = {
					84794D52262DA21C00E89935 = {
						CreatedOnToolsVersion = 12.4;
					};
				};
			};
			buildConfigurationList = 84794D4E262DA21C00E89935 /* Build configuration list for PBXProject "AirtableDemo" */;
			compatibilityVersion = "Xcode 9.3";
			developmentRegion = en;
			hasScannedForEncodings = 0;
			knownRegions = (
				en,
				Base,
			);
			mainGroup = 84794D4A262DA21C00E89935;
			productRefGroup = 84794D54262DA21C00E89935 /* Products */;
			projectDirPath = "";
			projectRoot = "";
			targets = (
				84794D52262DA21C00E89935 /* AirtableDemo */,
			);
		};
/* End PBXProject section */

/* Begin PBXResourcesBuildPhase section */
		84794D51262DA21C00E89935 /* Resources */ = {
			isa = PBXResourcesBuildPhase;
			buildActionMask = 2147483647;
			files = (
				84794D5E262DA21E00E89935 /* Preview Assets.xcassets in Resources */,
				84794D5B262DA21E00E89935 /* Assets.xcassets in Resources */,
			);
			runOnlyForDeploymentPostprocessing = 0;
		};
/* End PBXResourcesBuildPhase section */

/* Begin PBXSourcesBuildPhase section */
		84794D4F262DA21C00E89935 /* Sources */ = {
			isa = PBXSourcesBuildPhase;
			buildActionMask = 2147483647;
			files = (
				84F57392263988F3000E60CF /* AnimationExamples.swift in Sources */,
				8493BF33264AE38D00CF131C /* SwiftLogoAnimation.swift in Sources */,
				843ECF992680D6FF00648730 /* SwiftUIView.swift in Sources */,
				8424443226418DF10079911D /* ASUserMainView.swift in Sources */,
				84F573882639403A000E60CF /* CircleAnimationView.swift in Sources */,
				84794D59262DA21C00E89935 /* ContentView.swift in Sources */,
				8424442C264160B70079911D /* ASUser.swift in Sources */,
				84F573982639CCB3000E60CF /* BurgerAppModel.swift in Sources */,
				84244426263C37C00079911D /* DateFormatted.swift in Sources */,
				84F5739E263B0584000E60CF /* BurgerView.swift in Sources */,
				84F5737826319EC9000E60CF /* GeometryAndInfinity.swift in Sources */,
				84F573732631956D000E60CF /* CustomerForm.swift in Sources */,
				84794D57262DA21C00E89935 /* AirtableDemoApp.swift in Sources */,
				84F5739B2639D040000E60CF /* BurgerService.swift in Sources */,
				84F573822638723A000E60CF /* GrapheView.swift in Sources */,
				8424442F264162F50079911D /* ASUserView.swift in Sources */,
				84F573952639B3ED000E60CF /* DemoDragRelocateView.swift in Sources */,
				8414D7E3268A91C400CA3C8F /* SwiftUIView2.swift in Sources */,
			);
			runOnlyForDeploymentPostprocessing = 0;
		};
/* End PBXSourcesBuildPhase section */

/* Begin XCBuildConfiguration section */
		84794D60262DA21E00E89935 /* Debug */ = {
			isa = XCBuildConfiguration;
			buildSettings = {
				ALWAYS_SEARCH_USER_PATHS = NO;
				CLANG_ANALYZER_NONNULL = YES;
				CLANG_ANALYZER_NUMBER_OBJECT_CONVERSION = YES_AGGRESSIVE;
				CLANG_CXX_LANGUAGE_STANDARD = "gnu++14";
				CLANG_CXX_LIBRARY = "libc++";
				CLANG_ENABLE_MODULES = YES;
				CLANG_ENABLE_OBJC_ARC = YES;
				CLANG_ENABLE_OBJC_WEAK = YES;
				CLANG_WARN_BLOCK_CAPTURE_AUTORELEASING = YES;
				CLANG_WARN_BOOL_CONVERSION = YES;
				CLANG_WARN_COMMA = YES;
				CLANG_WARN_CONSTANT_CONVERSION = YES;
				CLANG_WARN_DEPRECATED_OBJC_IMPLEMENTATIONS = YES;
				CLANG_WARN_DIRECT_OBJC_ISA_USAGE = YES_ERROR;
				CLANG_WARN_DOCUMENTATION_COMMENTS = YES;
				CLANG_WARN_EMPTY_BODY = YES;
				CLANG_WARN_ENUM_CONVERSION = YES;
				CLANG_WARN_INFINITE_RECURSION = YES;
				CLANG_WARN_INT_CONVERSION = YES;
				CLANG_WARN_NON_LITERAL_NULL_CONVERSION = YES;
				CLANG_WARN_OBJC_IMPLICIT_RETAIN_SELF = YES;
				CLANG_WARN_OBJC_LITERAL_CONVERSION = YES;
				CLANG_WARN_OBJC_ROOT_CLASS = YES_ERROR;
				CLANG_WARN_QUOTED_INCLUDE_IN_FRAMEWORK_HEADER = YES;
				CLANG_WARN_RANGE_LOOP_ANALYSIS = YES;
				CLANG_WARN_STRICT_PROTOTYPES = YES;
				CLANG_WARN_SUSPICIOUS_MOVE = YES;
				CLANG_WARN_UNGUARDED_AVAILABILITY = YES_AGGRESSIVE;
				CLANG_WARN_UNREACHABLE_CODE = YES;
				CLANG_WARN__DUPLICATE_METHOD_MATCH = YES;
				COPY_PHASE_STRIP = NO;
				DEBUG_INFORMATION_FORMAT = dwarf;
				ENABLE_STRICT_OBJC_MSGSEND = YES;
				ENABLE_TESTABILITY = YES;
				GCC_C_LANGUAGE_STANDARD = gnu11;
				GCC_DYNAMIC_NO_PIC = NO;
				GCC_NO_COMMON_BLOCKS = YES;
				GCC_OPTIMIZATION_LEVEL = 0;
				GCC_PREPROCESSOR_DEFINITIONS = (
					"DEBUG=1",
					"$(inherited)",
				);
				GCC_WARN_64_TO_32_BIT_CONVERSION = YES;
				GCC_WARN_ABOUT_RETURN_TYPE = YES_ERROR;
				GCC_WARN_UNDECLARED_SELECTOR = YES;
				GCC_WARN_UNINITIALIZED_AUTOS = YES_AGGRESSIVE;
				GCC_WARN_UNUSED_FUNCTION = YES;
				GCC_WARN_UNUSED_VARIABLE = YES;
				IPHONEOS_DEPLOYMENT_TARGET = 14.4;
				MTL_ENABLE_DEBUG_INFO = INCLUDE_SOURCE;
				MTL_FAST_MATH = YES;
				ONLY_ACTIVE_ARCH = YES;
				SDKROOT = iphoneos;
				SWIFT_ACTIVE_COMPILATION_CONDITIONS = DEBUG;
				SWIFT_OPTIMIZATION_LEVEL = "-Onone";
			};
			name = Debug;
		};
		84794D61262DA21E00E89935 /* Release */ = {
			isa = XCBuildConfiguration;
			buildSettings = {
				ALWAYS_SEARCH_USER_PATHS = NO;
				CLANG_ANALYZER_NONNULL = YES;
				CLANG_ANALYZER_NUMBER_OBJECT_CONVERSION = YES_AGGRESSIVE;
				CLANG_CXX_LANGUAGE_STANDARD = "gnu++14";
				CLANG_CXX_LIBRARY = "libc++";
				CLANG_ENABLE_MODULES = YES;
				CLANG_ENABLE_OBJC_ARC = YES;
				CLANG_ENABLE_OBJC_WEAK = YES;
				CLANG_WARN_BLOCK_CAPTURE_AUTORELEASING = YES;
				CLANG_WARN_BOOL_CONVERSION = YES;
				CLANG_WARN_COMMA = YES;
				CLANG_WARN_CONSTANT_CONVERSION = YES;
				CLANG_WARN_DEPRECATED_OBJC_IMPLEMENTATIONS = YES;
				CLANG_WARN_DIRECT_OBJC_ISA_USAGE = YES_ERROR;
				CLANG_WARN_DOCUMENTATION_COMMENTS = YES;
				CLANG_WARN_EMPTY_BODY = YES;
				CLANG_WARN_ENUM_CONVERSION = YES;
				CLANG_WARN_INFINITE_RECURSION = YES;
				CLANG_WARN_INT_CONVERSION = YES;
				CLANG_WARN_NON_LITERAL_NULL_CONVERSION = YES;
				CLANG_WARN_OBJC_IMPLICIT_RETAIN_SELF = YES;
				CLANG_WARN_OBJC_LITERAL_CONVERSION = YES;
				CLANG_WARN_OBJC_ROOT_CLASS = YES_ERROR;
				CLANG_WARN_QUOTED_INCLUDE_IN_FRAMEWORK_HEADER = YES;
				CLANG_WARN_RANGE_LOOP_ANALYSIS = YES;
				CLANG_WARN_STRICT_PROTOTYPES = YES;
				CLANG_WARN_SUSPICIOUS_MOVE = YES;
				CLANG_WARN_UNGUARDED_AVAILABILITY = YES_AGGRESSIVE;
				CLANG_WARN_UNREACHABLE_CODE = YES;
				CLANG_WARN__DUPLICATE_METHOD_MATCH = YES;
				COPY_PHASE_STRIP = NO;
				DEBUG_INFORMATION_FORMAT = "dwarf-with-dsym";
				ENABLE_NS_ASSERTIONS = NO;
				ENABLE_STRICT_OBJC_MSGSEND = YES;
				GCC_C_LANGUAGE_STANDARD = gnu11;
				GCC_NO_COMMON_BLOCKS = YES;
				GCC_WARN_64_TO_32_BIT_CONVERSION = YES;
				GCC_WARN_ABOUT_RETURN_TYPE = YES_ERROR;
				GCC_WARN_UNDECLARED_SELECTOR = YES;
				GCC_WARN_UNINITIALIZED_AUTOS = YES_AGGRESSIVE;
				GCC_WARN_UNUSED_FUNCTION = YES;
				GCC_WARN_UNUSED_VARIABLE = YES;
				IPHONEOS_DEPLOYMENT_TARGET = 14.4;
				MTL_ENABLE_DEBUG_INFO = NO;
				MTL_FAST_MATH = YES;
				SDKROOT = iphoneos;
				SWIFT_COMPILATION_MODE = wholemodule;
				SWIFT_OPTIMIZATION_LEVEL = "-O";
				VALIDATE_PRODUCT = YES;
			};
			name = Release;
		};
		84794D63262DA21E00E89935 /* Debug */ = {
			isa = XCBuildConfiguration;
			buildSettings = {
				ASSETCATALOG_COMPILER_APPICON_NAME = AppIcon;
				ASSETCATALOG_COMPILER_GLOBAL_ACCENT_COLOR_NAME = AccentColor;
				CODE_SIGN_STYLE = Automatic;
				DEVELOPMENT_ASSET_PATHS = "\"AirtableDemo/Preview Content\"";
				DEVELOPMENT_TEAM = 62724PC466;
				ENABLE_PREVIEWS = YES;
				INFOPLIST_FILE = AirtableDemo/Info.plist;
				IPHONEOS_DEPLOYMENT_TARGET = 14.0;
				LD_RUNPATH_SEARCH_PATHS = (
					"$(inherited)",
					"@executable_path/Frameworks",
				);
				PRODUCT_BUNDLE_IDENTIFIER = com.AdrSim.AirtableDemo;
				PRODUCT_NAME = "$(TARGET_NAME)";
				SWIFT_VERSION = 5.0;
				TARGETED_DEVICE_FAMILY = "1,2";
			};
			name = Debug;
		};
		84794D64262DA21E00E89935 /* Release */ = {
			isa = XCBuildConfiguration;
			buildSettings = {
				ASSETCATALOG_COMPILER_APPICON_NAME = AppIcon;
				ASSETCATALOG_COMPILER_GLOBAL_ACCENT_COLOR_NAME = AccentColor;
				CODE_SIGN_STYLE = Automatic;
				DEVELOPMENT_ASSET_PATHS = "\"AirtableDemo/Preview Content\"";
				DEVELOPMENT_TEAM = 62724PC466;
				ENABLE_PREVIEWS = YES;
				INFOPLIST_FILE = AirtableDemo/Info.plist;
				IPHONEOS_DEPLOYMENT_TARGET = 14.0;
				LD_RUNPATH_SEARCH_PATHS = (
					"$(inherited)",
					"@executable_path/Frameworks",
				);
				PRODUCT_BUNDLE_IDENTIFIER = com.AdrSim.AirtableDemo;
				PRODUCT_NAME = "$(TARGET_NAME)";
				SWIFT_VERSION = 5.0;
				TARGETED_DEVICE_FAMILY = "1,2";
			};
			name = Release;
		};
/* End XCBuildConfiguration section */

/* Begin XCConfigurationList section */
		84794D4E262DA21C00E89935 /* Build configuration list for PBXProject "AirtableDemo" */ = {
			isa = XCConfigurationList;
			buildConfigurations = (
				84794D60262DA21E00E89935 /* Debug */,
				84794D61262DA21E00E89935 /* Release */,
			);
			defaultConfigurationIsVisible = 0;
			defaultConfigurationName = Release;
		};
		84794D62262DA21E00E89935 /* Build configuration list for PBXNativeTarget "AirtableDemo" */ = {
			isa = XCConfigurationList;
			buildConfigurations = (
				84794D63262DA21E00E89935 /* Debug */,
				84794D64262DA21E00E89935 /* Release */,
			);
			defaultConfigurationIsVisible = 0;
			defaultConfigurationName = Release;
		};
/* End XCConfigurationList section */
	};
	rootObject = 84794D4B262DA21C00E89935 /* Project object */;
}
